
Microsoft Visual Studio Solution File, Format Version 12.00
# Visual Studio 15
Project("{FAE04EC0-301F-11D3-BF4B-00C04F79EFBC}") = "Assembly-CSharp", "Assembly-CSharp.csproj", "{86FEB324-F859-6C2B-2C6A-1268C9FCF413}"
EndProject
Project("{FAE04EC0-301F-11D3-BF4B-00C04F79EFBC}") = "Assembly-CSharp-firstpass", "Assembly-CSharp-firstpass.csproj", "{75315749-5E75-29DF-7856-78AED47E279E}"
EndProject
Global
	GlobalSection(SolutionConfigurationPlatforms) = preSolution
		Debug|Any CPU = Debug|Any CPU
		Release|Any CPU = Release|Any CPU
	EndGlobalSection
	GlobalSection(ProjectConfigurationPlatforms) = postSolution
		{86FEB324-F859-6C2B-2C6A-1268C9FCF413}.Debug|Any CPU.ActiveCfg = Debug|Any CPU
		{86FEB324-F859-6C2B-2C6A-1268C9FCF413}.Debug|Any CPU.Build.0 = Debug|Any CPU
		{86FEB324-F859-6C2B-2C6A-1268C9FCF413}.Release|Any CPU.ActiveCfg = Release|Any CPU
		{86FEB324-F859-6C2B-2C6A-1268C9FCF413}.Release|Any CPU.Build.0 = Release|Any CPU
		{75315749-5E75-29DF-7856-78AED47E279E}.Debug|Any CPU.ActiveCfg = Debug|Any CPU
		{75315749-5E75-29DF-7856-78AED47E279E}.Debug|Any CPU.Build.0 = Debug|Any CPU
		{75315749-5E75-29DF-7856-78AED47E279E}.Release|Any CPU.ActiveCfg = Release|Any CPU
		{75315749-5E75-29DF-7856-78AED47E279E}.Release|Any CPU.Build.0 = Release|Any CPU
	EndGlobalSection
	GlobalSection(SolutionProperties) = preSolution
		HideSolutionNode = FALSE
	EndGlobalSection
EndGlobal
